
Microsoft Visual Studio Solution File, Format Version 12.00
# Visual Studio 14
VisualStudioVersion = 14.0.25420.1
MinimumVisualStudioVersion = 10.0.40219.1
Project("{FAE04EC0-301F-11D3-BF4B-00C04F79EFBC}") = "DressUp", "DressUp\DressUp.csproj", "{D54213C9-4007-4DBE-A769-C86946ED3600}"
EndProject
Project("{FAE04EC0-301F-11D3-BF4B-00C04F79EFBC}") = "DressUp.ReferenceTypes", "DressUp.ReferenceTypes\DressUp.ReferenceTypes.csproj", "{97BC7B8E-9D9C-4D32-9AD4-3C8D22EAB6AD}"
EndProject
Project("{FAE04EC0-301F-11D3-BF4B-00C04F79EFBC}") = "DressUp.Interface", "DressUp.Interface\DressUp.Interface.csproj", "{5D611801-912B-468A-952F-4889D64112C5}"
EndProject
Global
	GlobalSection(SolutionConfigurationPlatforms) = preSolution
		Debug|Any CPU = Debug|Any CPU
		Release|Any CPU = Release|Any CPU
	EndGlobalSection
	GlobalSection(ProjectConfigurationPlatforms) = postSolution
		{D54213C9-4007-4DBE-A769-C86946ED3600}.Debug|Any CPU.ActiveCfg = Debug|Any CPU
		{D54213C9-4007-4DBE-A769-C86946ED3600}.Debug|Any CPU.Build.0 = Debug|Any CPU
		{D54213C9-4007-4DBE-A769-C86946ED3600}.Release|Any CPU.ActiveCfg = Release|Any CPU
		{D54213C9-4007-4DBE-A769-C86946ED3600}.Release|Any CPU.Build.0 = Release|Any CPU
		{97BC7B8E-9D9C-4D32-9AD4-3C8D22EAB6AD}.Debug|Any CPU.ActiveCfg = Debug|Any CPU
		{97BC7B8E-9D9C-4D32-9AD4-3C8D22EAB6AD}.Debug|Any CPU.Build.0 = Debug|Any CPU
		{97BC7B8E-9D9C-4D32-9AD4-3C8D22EAB6AD}.Release|Any CPU.ActiveCfg = Release|Any CPU
		{97BC7B8E-9D9C-4D32-9AD4-3C8D22EAB6AD}.Release|Any CPU.Build.0 = Release|Any CPU
		{5D611801-912B-468A-952F-4889D64112C5}.Debug|Any CPU.ActiveCfg = Debug|Any CPU
		{5D611801-912B-468A-952F-4889D64112C5}.Debug|Any CPU.Build.0 = Debug|Any CPU
		{5D611801-912B-468A-952F-4889D64112C5}.Release|Any CPU.ActiveCfg = Release|Any CPU
		{5D611801-912B-468A-952F-4889D64112C5}.Release|Any CPU.Build.0 = Release|Any CPU
	EndGlobalSection
	GlobalSection(SolutionProperties) = preSolution
		HideSolutionNode = FALSE
	EndGlobalSection
EndGlobal
